
Microsoft Visual Studio Solution File, Format Version 12.00
# Visual Studio Version 16
VisualStudioVersion = 16.0.29025.244
MinimumVisualStudioVersion = 10.0.40219.1
Project("{8BC9CEB8-8B4A-11D0-8D11-00A0C91BC942}") = "Awaiter", "Awaiter\Awaiter.vcxproj", "{3676B00E-5264-431F-89F0-ABA52F10C436}"
EndProject
Global
	GlobalSection(SolutionConfigurationPlatforms) = preSolution
		Debug|x64 = Debug|x64
		Debug|x86 = Debug|x86
		Release|x64 = Release|x64
		Release|x86 = Release|x86
	EndGlobalSection
	GlobalSection(ProjectConfigurationPlatforms) = postSolution
		{3676B00E-5264-431F-89F0-ABA52F10C436}.Debug|x64.ActiveCfg = Debug|x64
		{3676B00E-5264-431F-89F0-ABA52F10C436}.Debug|x64.Build.0 = Debug|x64
		{3676B00E-5264-431F-89F0-ABA52F10C436}.Debug|x86.ActiveCfg = Debug|Win32
		{3676B00E-5264-431F-89F0-ABA52F10C436}.Debug|x86.Build.0 = Debug|Win32
		{3676B00E-5264-431F-89F0-ABA52F10C436}.Release|x64.ActiveCfg = Release|x64
		{3676B00E-5264-431F-89F0-ABA52F10C436}.Release|x64.Build.0 = Release|x64
		{3676B00E-5264-431F-89F0-ABA52F10C436}.Release|x86.ActiveCfg = Release|Win32
		{3676B00E-5264-431F-89F0-ABA52F10C436}.Release|x86.Build.0 = Release|Win32
	EndGlobalSection
	GlobalSection(SolutionProperties) = preSolution
		HideSolutionNode = FALSE
	EndGlobalSection
	GlobalSection(ExtensibilityGlobals) = postSolution
		SolutionGuid = {01B55F8E-FF90-4216-BB1A-78F31F7A5DC5}
	EndGlobalSection
EndGlobal
